
Microsoft Visual Studio Solution File, Format Version 12.00
# Visual Studio Version 17
VisualStudioVersion = 17.11.35222.181
MinimumVisualStudioVersion = 10.0.40219.1
Project("{9A19103F-16F7-4668-BE54-9A1E7A4F7556}") = "TicTacToe.Tests", "TicTacToe.Tests\TicTacToe.Tests.csproj", "{61DD860B-96CF-439F-A47A-6AC9B300F74A}"
EndProject
Project("{9A19103F-16F7-4668-BE54-9A1E7A4F7556}") = "TicTacToe.UI", "TicTacToe.UI\TicTacToe.UI.csproj", "{4EFE0F43-20FF-4771-A073-8C9E0FE088E9}"
EndProject
Project("{FAE04EC0-301F-11D3-BF4B-00C04F79EFBC}") = "TicTacToe.Application", "TicTacToe.Application\TicTacToe.Application.csproj", "{AD8C4470-D581-4E5D-9FDD-E496703B8FBC}"
EndProject
Global
	GlobalSection(SolutionConfigurationPlatforms) = preSolution
		Debug|Any CPU = Debug|Any CPU
		Release|Any CPU = Release|Any CPU
	EndGlobalSection
	GlobalSection(ProjectConfigurationPlatforms) = postSolution
		{61DD860B-96CF-439F-A47A-6AC9B300F74A}.Debug|Any CPU.ActiveCfg = Debug|Any CPU
		{61DD860B-96CF-439F-A47A-6AC9B300F74A}.Debug|Any CPU.Build.0 = Debug|Any CPU
		{61DD860B-96CF-439F-A47A-6AC9B300F74A}.Release|Any CPU.ActiveCfg = Release|Any CPU
		{61DD860B-96CF-439F-A47A-6AC9B300F74A}.Release|Any CPU.Build.0 = Release|Any CPU
		{4EFE0F43-20FF-4771-A073-8C9E0FE088E9}.Debug|Any CPU.ActiveCfg = Debug|Any CPU
		{4EFE0F43-20FF-4771-A073-8C9E0FE088E9}.Debug|Any CPU.Build.0 = Debug|Any CPU
		{4EFE0F43-20FF-4771-A073-8C9E0FE088E9}.Release|Any CPU.ActiveCfg = Release|Any CPU
		{4EFE0F43-20FF-4771-A073-8C9E0FE088E9}.Release|Any CPU.Build.0 = Release|Any CPU
		{AD8C4470-D581-4E5D-9FDD-E496703B8FBC}.Debug|Any CPU.ActiveCfg = Debug|Any CPU
		{AD8C4470-D581-4E5D-9FDD-E496703B8FBC}.Debug|Any CPU.Build.0 = Debug|Any CPU
		{AD8C4470-D581-4E5D-9FDD-E496703B8FBC}.Release|Any CPU.ActiveCfg = Release|Any CPU
		{AD8C4470-D581-4E5D-9FDD-E496703B8FBC}.Release|Any CPU.Build.0 = Release|Any CPU
	EndGlobalSection
	GlobalSection(SolutionProperties) = preSolution
		HideSolutionNode = FALSE
	EndGlobalSection
	GlobalSection(ExtensibilityGlobals) = postSolution
		SolutionGuid = {51D2D0C9-8107-4961-A9CE-63B6B0A3B308}
	EndGlobalSection
EndGlobal
