
Microsoft Visual Studio Solution File, Format Version 12.00
# Visual Studio Version 17
VisualStudioVersion = 17.0.31903.59
MinimumVisualStudioVersion = 10.0.40219.1
Project("{FAE04EC0-301F-11D3-BF4B-00C04F79EFBC}") = "grghgghrhhrwh", "grghgghrhhrwh\grghgghrhhrwh.csproj", "{63D4C864-E4C6-40D3-A4C8-DD14C6668778}"
EndProject
Project("{FAE04EC0-301F-11D3-BF4B-00C04F79EFBC}") = "Test", "Test\Test.csproj", "{00A34BB6-706C-49FB-947A-7EA2591360B9}"
EndProject
Global
	GlobalSection(SolutionConfigurationPlatforms) = preSolution
		Debug|Any CPU = Debug|Any CPU
		Release|Any CPU = Release|Any CPU
	EndGlobalSection
	GlobalSection(SolutionProperties) = preSolution
		HideSolutionNode = FALSE
	EndGlobalSection
	GlobalSection(ProjectConfigurationPlatforms) = postSolution
		{63D4C864-E4C6-40D3-A4C8-DD14C6668778}.Debug|Any CPU.ActiveCfg = Debug|Any CPU
		{63D4C864-E4C6-40D3-A4C8-DD14C6668778}.Debug|Any CPU.Build.0 = Debug|Any CPU
		{63D4C864-E4C6-40D3-A4C8-DD14C6668778}.Release|Any CPU.ActiveCfg = Release|Any CPU
		{63D4C864-E4C6-40D3-A4C8-DD14C6668778}.Release|Any CPU.Build.0 = Release|Any CPU
		{00A34BB6-706C-49FB-947A-7EA2591360B9}.Debug|Any CPU.ActiveCfg = Debug|Any CPU
		{00A34BB6-706C-49FB-947A-7EA2591360B9}.Debug|Any CPU.Build.0 = Debug|Any CPU
		{00A34BB6-706C-49FB-947A-7EA2591360B9}.Release|Any CPU.ActiveCfg = Release|Any CPU
		{00A34BB6-706C-49FB-947A-7EA2591360B9}.Release|Any CPU.Build.0 = Release|Any CPU
	EndGlobalSection
EndGlobal
